
Microsoft Visual Studio Solution File, Format Version 12.00
# Visual Studio 2013
VisualStudioVersion = 12.0.21005.1
MinimumVisualStudioVersion = 10.0.40219.1
Project("{FAE04EC0-301F-11D3-BF4B-00C04F79EFBC}") = "CodeComb.Entity", "CodeComb.Entity\CodeComb.Entity.csproj", "{F40F7941-F88A-4CE4-ADF3-E5470D280EE8}"
EndProject
Project("{FAE04EC0-301F-11D3-BF4B-00C04F79EFBC}") = "CodeComb.Web", "CodeComb.Web\CodeComb.Web.csproj", "{F84C5435-F5BA-4748-B0E8-DC04401FC6F3}"
EndProject
Project("{FAE04EC0-301F-11D3-BF4B-00C04F79EFBC}") = "CodeComb.Judge", "CodeComb.Judge\CodeComb.Judge.csproj", "{D41692BB-5E4F-4C1D-AC40-B530D8E17BEF}"
EndProject
Project("{8BC9CEB8-8B4A-11D0-8D11-00A0C91BC942}") = "CodeComb.Core", "CodeComb.Core\CodeComb.Core.vcxproj", "{2792DEB4-DF1C-4483-BC21-8ADD9A3D9B7C}"
EndProject
Project("{FAE04EC0-301F-11D3-BF4B-00C04F79EFBC}") = "CodeComb.Node", "CodeComb.Node\CodeComb.Node.csproj", "{2F20505A-99B0-4D8D-B458-85B7D5CCFAD8}"
EndProject
Project("{8BC9CEB8-8B4A-11D0-8D11-00A0C91BC942}") = "CodeComb.Validator", "CodeComb.Validator\CodeComb.Validator.vcxproj", "{56860D58-1AF3-48C0-8D88-F779D829A315}"
EndProject
Project("{FAE04EC0-301F-11D3-BF4B-00C04F79EFBC}") = "CodeComb.Models.WebAPI", "CodeComb.Models.WebAPI\CodeComb.Models.WebAPI.csproj", "{84B8F533-4A4F-470E-9444-7342A5328282}"
EndProject
Global
	GlobalSection(SolutionConfigurationPlatforms) = preSolution
		Debug|Any CPU = Debug|Any CPU
		Debug|Mixed Platforms = Debug|Mixed Platforms
		Debug|Win32 = Debug|Win32
		Release|Any CPU = Release|Any CPU
		Release|Mixed Platforms = Release|Mixed Platforms
		Release|Win32 = Release|Win32
	EndGlobalSection
	GlobalSection(ProjectConfigurationPlatforms) = postSolution
		{F40F7941-F88A-4CE4-ADF3-E5470D280EE8}.Debug|Any CPU.ActiveCfg = Debug|Any CPU
		{F40F7941-F88A-4CE4-ADF3-E5470D280EE8}.Debug|Any CPU.Build.0 = Debug|Any CPU
		{F40F7941-F88A-4CE4-ADF3-E5470D280EE8}.Debug|Mixed Platforms.ActiveCfg = Debug|Any CPU
		{F40F7941-F88A-4CE4-ADF3-E5470D280EE8}.Debug|Mixed Platforms.Build.0 = Debug|Any CPU
		{F40F7941-F88A-4CE4-ADF3-E5470D280EE8}.Debug|Win32.ActiveCfg = Debug|Any CPU
		{F40F7941-F88A-4CE4-ADF3-E5470D280EE8}.Release|Any CPU.ActiveCfg = Release|Any CPU
		{F40F7941-F88A-4CE4-ADF3-E5470D280EE8}.Release|Any CPU.Build.0 = Release|Any CPU
		{F40F7941-F88A-4CE4-ADF3-E5470D280EE8}.Release|Mixed Platforms.ActiveCfg = Release|Any CPU
		{F40F7941-F88A-4CE4-ADF3-E5470D280EE8}.Release|Mixed Platforms.Build.0 = Release|Any CPU
		{F40F7941-F88A-4CE4-ADF3-E5470D280EE8}.Release|Win32.ActiveCfg = Release|Any CPU
		{F84C5435-F5BA-4748-B0E8-DC04401FC6F3}.Debug|Any CPU.ActiveCfg = Debug|Any CPU
		{F84C5435-F5BA-4748-B0E8-DC04401FC6F3}.Debug|Any CPU.Build.0 = Debug|Any CPU
		{F84C5435-F5BA-4748-B0E8-DC04401FC6F3}.Debug|Mixed Platforms.ActiveCfg = Debug|Any CPU
		{F84C5435-F5BA-4748-B0E8-DC04401FC6F3}.Debug|Mixed Platforms.Build.0 = Debug|Any CPU
		{F84C5435-F5BA-4748-B0E8-DC04401FC6F3}.Debug|Win32.ActiveCfg = Debug|Any CPU
		{F84C5435-F5BA-4748-B0E8-DC04401FC6F3}.Release|Any CPU.ActiveCfg = Release|Any CPU
		{F84C5435-F5BA-4748-B0E8-DC04401FC6F3}.Release|Any CPU.Build.0 = Release|Any CPU
		{F84C5435-F5BA-4748-B0E8-DC04401FC6F3}.Release|Mixed Platforms.ActiveCfg = Release|Any CPU
		{F84C5435-F5BA-4748-B0E8-DC04401FC6F3}.Release|Mixed Platforms.Build.0 = Release|Any CPU
		{F84C5435-F5BA-4748-B0E8-DC04401FC6F3}.Release|Win32.ActiveCfg = Release|Any CPU
		{D41692BB-5E4F-4C1D-AC40-B530D8E17BEF}.Debug|Any CPU.ActiveCfg = Debug|Any CPU
		{D41692BB-5E4F-4C1D-AC40-B530D8E17BEF}.Debug|Any CPU.Build.0 = Debug|Any CPU
		{D41692BB-5E4F-4C1D-AC40-B530D8E17BEF}.Debug|Mixed Platforms.ActiveCfg = Debug|Any CPU
		{D41692BB-5E4F-4C1D-AC40-B530D8E17BEF}.Debug|Mixed Platforms.Build.0 = Debug|Any CPU
		{D41692BB-5E4F-4C1D-AC40-B530D8E17BEF}.Debug|Win32.ActiveCfg = Debug|Any CPU
		{D41692BB-5E4F-4C1D-AC40-B530D8E17BEF}.Release|Any CPU.ActiveCfg = Release|Any CPU
		{D41692BB-5E4F-4C1D-AC40-B530D8E17BEF}.Release|Any CPU.Build.0 = Release|Any CPU
		{D41692BB-5E4F-4C1D-AC40-B530D8E17BEF}.Release|Mixed Platforms.ActiveCfg = Release|Any CPU
		{D41692BB-5E4F-4C1D-AC40-B530D8E17BEF}.Release|Mixed Platforms.Build.0 = Release|Any CPU
		{D41692BB-5E4F-4C1D-AC40-B530D8E17BEF}.Release|Win32.ActiveCfg = Release|Any CPU
		{2792DEB4-DF1C-4483-BC21-8ADD9A3D9B7C}.Debug|Any CPU.ActiveCfg = Debug|Win32
		{2792DEB4-DF1C-4483-BC21-8ADD9A3D9B7C}.Debug|Mixed Platforms.ActiveCfg = Debug|Win32
		{2792DEB4-DF1C-4483-BC21-8ADD9A3D9B7C}.Debug|Mixed Platforms.Build.0 = Debug|Win32
		{2792DEB4-DF1C-4483-BC21-8ADD9A3D9B7C}.Debug|Win32.ActiveCfg = Debug|Win32
		{2792DEB4-DF1C-4483-BC21-8ADD9A3D9B7C}.Debug|Win32.Build.0 = Debug|Win32
		{2792DEB4-DF1C-4483-BC21-8ADD9A3D9B7C}.Release|Any CPU.ActiveCfg = Release|Win32
		{2792DEB4-DF1C-4483-BC21-8ADD9A3D9B7C}.Release|Mixed Platforms.ActiveCfg = Release|Win32
		{2792DEB4-DF1C-4483-BC21-8ADD9A3D9B7C}.Release|Mixed Platforms.Build.0 = Release|Win32
		{2792DEB4-DF1C-4483-BC21-8ADD9A3D9B7C}.Release|Win32.ActiveCfg = Release|Win32
		{2792DEB4-DF1C-4483-BC21-8ADD9A3D9B7C}.Release|Win32.Build.0 = Release|Win32
		{2F20505A-99B0-4D8D-B458-85B7D5CCFAD8}.Debug|Any CPU.ActiveCfg = Debug|Any CPU
		{2F20505A-99B0-4D8D-B458-85B7D5CCFAD8}.Debug|Any CPU.Build.0 = Debug|Any CPU
		{2F20505A-99B0-4D8D-B458-85B7D5CCFAD8}.Debug|Mixed Platforms.ActiveCfg = Debug|Any CPU
		{2F20505A-99B0-4D8D-B458-85B7D5CCFAD8}.Debug|Mixed Platforms.Build.0 = Debug|Any CPU
		{2F20505A-99B0-4D8D-B458-85B7D5CCFAD8}.Debug|Win32.ActiveCfg = Debug|Any CPU
		{2F20505A-99B0-4D8D-B458-85B7D5CCFAD8}.Release|Any CPU.ActiveCfg = Release|Any CPU
		{2F20505A-99B0-4D8D-B458-85B7D5CCFAD8}.Release|Any CPU.Build.0 = Release|Any CPU
		{2F20505A-99B0-4D8D-B458-85B7D5CCFAD8}.Release|Mixed Platforms.ActiveCfg = Release|Any CPU
		{2F20505A-99B0-4D8D-B458-85B7D5CCFAD8}.Release|Mixed Platforms.Build.0 = Release|Any CPU
		{2F20505A-99B0-4D8D-B458-85B7D5CCFAD8}.Release|Win32.ActiveCfg = Release|Any CPU
		{56860D58-1AF3-48C0-8D88-F779D829A315}.Debug|Any CPU.ActiveCfg = Debug|Win32
		{56860D58-1AF3-48C0-8D88-F779D829A315}.Debug|Mixed Platforms.ActiveCfg = Debug|Win32
		{56860D58-1AF3-48C0-8D88-F779D829A315}.Debug|Mixed Platforms.Build.0 = Debug|Win32
		{56860D58-1AF3-48C0-8D88-F779D829A315}.Debug|Win32.ActiveCfg = Debug|Win32
		{56860D58-1AF3-48C0-8D88-F779D829A315}.Debug|Win32.Build.0 = Debug|Win32
		{56860D58-1AF3-48C0-8D88-F779D829A315}.Release|Any CPU.ActiveCfg = Release|Win32
		{56860D58-1AF3-48C0-8D88-F779D829A315}.Release|Mixed Platforms.ActiveCfg = Release|Win32
		{56860D58-1AF3-48C0-8D88-F779D829A315}.Release|Mixed Platforms.Build.0 = Release|Win32
		{56860D58-1AF3-48C0-8D88-F779D829A315}.Release|Win32.ActiveCfg = Release|Win32
		{56860D58-1AF3-48C0-8D88-F779D829A315}.Release|Win32.Build.0 = Release|Win32
		{84B8F533-4A4F-470E-9444-7342A5328282}.Debug|Any CPU.ActiveCfg = Debug|Any CPU
		{84B8F533-4A4F-470E-9444-7342A5328282}.Debug|Any CPU.Build.0 = Debug|Any CPU
		{84B8F533-4A4F-470E-9444-7342A5328282}.Debug|Mixed Platforms.ActiveCfg = Debug|Any CPU
		{84B8F533-4A4F-470E-9444-7342A5328282}.Debug|Mixed Platforms.Build.0 = Debug|Any CPU
		{84B8F533-4A4F-470E-9444-7342A5328282}.Debug|Win32.ActiveCfg = Debug|Any CPU
		{84B8F533-4A4F-470E-9444-7342A5328282}.Release|Any CPU.ActiveCfg = Release|Any CPU
		{84B8F533-4A4F-470E-9444-7342A5328282}.Release|Any CPU.Build.0 = Release|Any CPU
		{84B8F533-4A4F-470E-9444-7342A5328282}.Release|Mixed Platforms.ActiveCfg = Release|Any CPU
		{84B8F533-4A4F-470E-9444-7342A5328282}.Release|Mixed Platforms.Build.0 = Release|Any CPU
		{84B8F533-4A4F-470E-9444-7342A5328282}.Release|Win32.ActiveCfg = Release|Any CPU
	EndGlobalSection
	GlobalSection(SolutionProperties) = preSolution
		HideSolutionNode = FALSE
	EndGlobalSection
EndGlobal
