
Microsoft Visual Studio Solution File, Format Version 12.00
# Visual Studio 2013
VisualStudioVersion = 12.0.21005.1
MinimumVisualStudioVersion = 10.0.40219.1
Project("{FAE04EC0-301F-11D3-BF4B-00C04F79EFBC}") = "CodeComb.Entity", "CodeComb.Entity\CodeComb.Entity.csproj", "{F40F7941-F88A-4CE4-ADF3-E5470D280EE8}"
EndProject
Project("{FAE04EC0-301F-11D3-BF4B-00C04F79EFBC}") = "CodeComb.Web", "CodeComb.Web\CodeComb.Web.csproj", "{F84C5435-F5BA-4748-B0E8-DC04401FC6F3}"
EndProject
Global
	GlobalSection(SolutionConfigurationPlatforms) = preSolution
		Debug|Any CPU = Debug|Any CPU
		Release|Any CPU = Release|Any CPU
	EndGlobalSection
	GlobalSection(ProjectConfigurationPlatforms) = postSolution
		{F40F7941-F88A-4CE4-ADF3-E5470D280EE8}.Debug|Any CPU.ActiveCfg = Debug|Any CPU
		{F40F7941-F88A-4CE4-ADF3-E5470D280EE8}.Debug|Any CPU.Build.0 = Debug|Any CPU
		{F40F7941-F88A-4CE4-ADF3-E5470D280EE8}.Release|Any CPU.ActiveCfg = Release|Any CPU
		{F40F7941-F88A-4CE4-ADF3-E5470D280EE8}.Release|Any CPU.Build.0 = Release|Any CPU
		{F84C5435-F5BA-4748-B0E8-DC04401FC6F3}.Debug|Any CPU.ActiveCfg = Debug|Any CPU
		{F84C5435-F5BA-4748-B0E8-DC04401FC6F3}.Debug|Any CPU.Build.0 = Debug|Any CPU
		{F84C5435-F5BA-4748-B0E8-DC04401FC6F3}.Release|Any CPU.ActiveCfg = Release|Any CPU
		{F84C5435-F5BA-4748-B0E8-DC04401FC6F3}.Release|Any CPU.Build.0 = Release|Any CPU
	EndGlobalSection
	GlobalSection(SolutionProperties) = preSolution
		HideSolutionNode = FALSE
	EndGlobalSection
EndGlobal
